
Microsoft Visual Studio Solution File, Format Version 12.00
# Visual Studio Version 16
VisualStudioVersion = 16.0.30804.86
MinimumVisualStudioVersion = 10.0.40219.1
Project("{9A19103F-16F7-4668-BE54-9A1E7A4F7556}") = "DotaPredictions", "DotaPredictions\DotaPredictions.csproj", "{0DE7E38D-008E-4236-873E-69AAAA631B6D}"
EndProject
Project("{2150E333-8FDC-42A3-9474-1A3956D46DE8}") = "Basics", "Basics", "{E6C63272-CD3C-48A5-9057-4EC41A06601D}"
EndProject
Project("{9A19103F-16F7-4668-BE54-9A1E7A4F7556}") = "EventBus.Core", "..\..\Basics\EventBus.Core\EventBus.Core.csproj", "{5AC8972E-63CD-4536-8C2C-253BD33277E3}"
EndProject
Project("{9A19103F-16F7-4668-BE54-9A1E7A4F7556}") = "EventBus.RabbitMq", "..\..\Basics\EventBus.RabbitMq\EventBus.RabbitMq.csproj", "{90218F71-C4FA-413D-99AD-9BA037B83B58}"
EndProject
Project("{9A19103F-16F7-4668-BE54-9A1E7A4F7556}") = "Data.Core", "..\..\Basics\Data.Core\Data.Core.csproj", "{F941E085-BAD4-4CDA-8D6B-6BFB17A7C89F}"
EndProject
Project("{9A19103F-16F7-4668-BE54-9A1E7A4F7556}") = "Data.MongoDB", "..\..\Basics\Data.MongoDB\Data.MongoDB.csproj", "{B40BABE9-359F-4D33-BFAB-8F170EFF10E9}"
EndProject
Project("{E53339B2-1760-4266-BCC7-CA923CBCF16C}") = "docker-compose", "..\..\docker-compose.dcproj", "{5CDEB777-1531-45B5-981A-7F786F4CB1C7}"
EndProject
Global
	GlobalSection(SolutionConfigurationPlatforms) = preSolution
		Debug|Any CPU = Debug|Any CPU
		Release|Any CPU = Release|Any CPU
	EndGlobalSection
	GlobalSection(ProjectConfigurationPlatforms) = postSolution
		{0DE7E38D-008E-4236-873E-69AAAA631B6D}.Debug|Any CPU.ActiveCfg = Debug|Any CPU
		{0DE7E38D-008E-4236-873E-69AAAA631B6D}.Debug|Any CPU.Build.0 = Debug|Any CPU
		{0DE7E38D-008E-4236-873E-69AAAA631B6D}.Release|Any CPU.ActiveCfg = Release|Any CPU
		{0DE7E38D-008E-4236-873E-69AAAA631B6D}.Release|Any CPU.Build.0 = Release|Any CPU
		{5AC8972E-63CD-4536-8C2C-253BD33277E3}.Debug|Any CPU.ActiveCfg = Debug|Any CPU
		{5AC8972E-63CD-4536-8C2C-253BD33277E3}.Debug|Any CPU.Build.0 = Debug|Any CPU
		{5AC8972E-63CD-4536-8C2C-253BD33277E3}.Release|Any CPU.ActiveCfg = Release|Any CPU
		{5AC8972E-63CD-4536-8C2C-253BD33277E3}.Release|Any CPU.Build.0 = Release|Any CPU
		{90218F71-C4FA-413D-99AD-9BA037B83B58}.Debug|Any CPU.ActiveCfg = Debug|Any CPU
		{90218F71-C4FA-413D-99AD-9BA037B83B58}.Debug|Any CPU.Build.0 = Debug|Any CPU
		{90218F71-C4FA-413D-99AD-9BA037B83B58}.Release|Any CPU.ActiveCfg = Release|Any CPU
		{90218F71-C4FA-413D-99AD-9BA037B83B58}.Release|Any CPU.Build.0 = Release|Any CPU
		{F941E085-BAD4-4CDA-8D6B-6BFB17A7C89F}.Debug|Any CPU.ActiveCfg = Debug|Any CPU
		{F941E085-BAD4-4CDA-8D6B-6BFB17A7C89F}.Debug|Any CPU.Build.0 = Debug|Any CPU
		{F941E085-BAD4-4CDA-8D6B-6BFB17A7C89F}.Release|Any CPU.ActiveCfg = Release|Any CPU
		{F941E085-BAD4-4CDA-8D6B-6BFB17A7C89F}.Release|Any CPU.Build.0 = Release|Any CPU
		{B40BABE9-359F-4D33-BFAB-8F170EFF10E9}.Debug|Any CPU.ActiveCfg = Debug|Any CPU
		{B40BABE9-359F-4D33-BFAB-8F170EFF10E9}.Debug|Any CPU.Build.0 = Debug|Any CPU
		{B40BABE9-359F-4D33-BFAB-8F170EFF10E9}.Release|Any CPU.ActiveCfg = Release|Any CPU
		{B40BABE9-359F-4D33-BFAB-8F170EFF10E9}.Release|Any CPU.Build.0 = Release|Any CPU
		{5CDEB777-1531-45B5-981A-7F786F4CB1C7}.Debug|Any CPU.ActiveCfg = Debug|Any CPU
		{5CDEB777-1531-45B5-981A-7F786F4CB1C7}.Debug|Any CPU.Build.0 = Debug|Any CPU
		{5CDEB777-1531-45B5-981A-7F786F4CB1C7}.Release|Any CPU.ActiveCfg = Release|Any CPU
		{5CDEB777-1531-45B5-981A-7F786F4CB1C7}.Release|Any CPU.Build.0 = Release|Any CPU
	EndGlobalSection
	GlobalSection(SolutionProperties) = preSolution
		HideSolutionNode = FALSE
	EndGlobalSection
	GlobalSection(NestedProjects) = preSolution
		{5AC8972E-63CD-4536-8C2C-253BD33277E3} = {E6C63272-CD3C-48A5-9057-4EC41A06601D}
		{90218F71-C4FA-413D-99AD-9BA037B83B58} = {E6C63272-CD3C-48A5-9057-4EC41A06601D}
		{F941E085-BAD4-4CDA-8D6B-6BFB17A7C89F} = {E6C63272-CD3C-48A5-9057-4EC41A06601D}
		{B40BABE9-359F-4D33-BFAB-8F170EFF10E9} = {E6C63272-CD3C-48A5-9057-4EC41A06601D}
	EndGlobalSection
	GlobalSection(ExtensibilityGlobals) = postSolution
		SolutionGuid = {4BE311D0-A525-44F3-A45C-4E3A951CAD52}
	EndGlobalSection
EndGlobal
